
Microsoft Visual Studio Solution File, Format Version 12.00
# Visual Studio 14
VisualStudioVersion = 14.0.25420.1
MinimumVisualStudioVersion = 10.0.40219.1
Project("{FAE04EC0-301F-11D3-BF4B-00C04F79EFBC}") = "Demo", "PaintByAPI\Demo.csproj", "{7B64477A-8180-4D68-BD0E-86D6C38F1A42}"
EndProject
Project("{FAE04EC0-301F-11D3-BF4B-00C04F79EFBC}") = "ObstructedPaint.NET", "ObstructedPaint.NET\ObstructedPaint.NET.csproj", "{86958973-2674-41EA-B4AD-AAC405066D12}"
EndProject
Global
	GlobalSection(SolutionConfigurationPlatforms) = preSolution
		Debug|Any CPU = Debug|Any CPU
		Release|Any CPU = Release|Any CPU
	EndGlobalSection
	GlobalSection(ProjectConfigurationPlatforms) = postSolution
		{7B64477A-8180-4D68-BD0E-86D6C38F1A42}.Debug|Any CPU.ActiveCfg = Debug|Any CPU
		{7B64477A-8180-4D68-BD0E-86D6C38F1A42}.Debug|Any CPU.Build.0 = Debug|Any CPU
		{7B64477A-8180-4D68-BD0E-86D6C38F1A42}.Release|Any CPU.ActiveCfg = Release|Any CPU
		{7B64477A-8180-4D68-BD0E-86D6C38F1A42}.Release|Any CPU.Build.0 = Release|Any CPU
		{86958973-2674-41EA-B4AD-AAC405066D12}.Debug|Any CPU.ActiveCfg = Debug|Any CPU
		{86958973-2674-41EA-B4AD-AAC405066D12}.Debug|Any CPU.Build.0 = Debug|Any CPU
		{86958973-2674-41EA-B4AD-AAC405066D12}.Release|Any CPU.ActiveCfg = Release|Any CPU
		{86958973-2674-41EA-B4AD-AAC405066D12}.Release|Any CPU.Build.0 = Release|Any CPU
	EndGlobalSection
	GlobalSection(SolutionProperties) = preSolution
		HideSolutionNode = FALSE
	EndGlobalSection
EndGlobal
